// !$*UTF8*$!
{
	archiveVersion = 1;
	classes = {
	};
	objectVersion = 46;
	objects = {

/* Begin PBXBuildFile section */
		06207122882CDE6F5B4CAC88 /* Pods_VideoPlayerUITests.framework in Frameworks */ = {isa = PBXBuildFile; fileRef = 82E227AAA1EEDEED898A1C81 /* Pods_VideoPlayerUITests.framework */; };
		6404916C1F5FC7F100518D70 /* AppDelegate.swift in Sources */ = {isa = PBXBuildFile; fileRef = 6404916B1F5FC7F100518D70 /* AppDelegate.swift */; };
		6404916E1F5FC7F100518D70 /* VideoPlayerViewController.swift in Sources */ = {isa = PBXBuildFile; fileRef = 6404916D1F5FC7F100518D70 /* VideoPlayerViewController.swift */; };
		640491711F5FC7F100518D70 /* Main.storyboard in Resources */ = {isa = PBXBuildFile; fileRef = 6404916F1F5FC7F100518D70 /* Main.storyboard */; };
		640491731F5FC7F100518D70 /* Assets.xcassets in Resources */ = {isa = PBXBuildFile; fileRef = 640491721F5FC7F100518D70 /* Assets.xcassets */; };
		640491761F5FC7F100518D70 /* LaunchScreen.storyboard in Resources */ = {isa = PBXBuildFile; fileRef = 640491741F5FC7F100518D70 /* LaunchScreen.storyboard */; };
		640491811F5FC7F200518D70 /* VideoPlayerTests.swift in Sources */ = {isa = PBXBuildFile; fileRef = 640491801F5FC7F200518D70 /* VideoPlayerTests.swift */; };
		6404918C1F5FC7F200518D70 /* VideoPlayerUITests.swift in Sources */ = {isa = PBXBuildFile; fileRef = 6404918B1F5FC7F200518D70 /* VideoPlayerUITests.swift */; };
		6405915D1F5FCF9000525686 /* VideoPlayerTableViewController.swift in Sources */ = {isa = PBXBuildFile; fileRef = 6405915C1F5FCF9000525686 /* VideoPlayerTableViewController.swift */; };
		6405915F1F5FD46B00525686 /* VideoPlayerTableViewCell.swift in Sources */ = {isa = PBXBuildFile; fileRef = 6405915E1F5FD46B00525686 /* VideoPlayerTableViewCell.swift */; };
		8CB5B543E8D308DC0074AB7B /* Pods_VideoPlayer.framework in Frameworks */ = {isa = PBXBuildFile; fileRef = C1DE7CB19DEA5B1DCE9337C0 /* Pods_VideoPlayer.framework */; };
		E135FFAB4015DFABE26A156E /* Pods_VideoPlayerTests.framework in Frameworks */ = {isa = PBXBuildFile; fileRef = 68298B8AA127BB5FEFF94568 /* Pods_VideoPlayerTests.framework */; };
/* End PBXBuildFile section */

/* Begin PBXContainerItemProxy section */
		6404917D1F5FC7F200518D70 /* PBXContainerItemProxy */ = {
			isa = PBXContainerItemProxy;
			containerPortal = 640491601F5FC7F100518D70 /* Project object */;
			proxyType = 1;
			remoteGlobalIDString = 640491671F5FC7F100518D70;
			remoteInfo = VideoPlayer;
		};
		640491881F5FC7F200518D70 /* PBXContainerItemProxy */ = {
			isa = PBXContainerItemProxy;
			containerPortal = 640491601F5FC7F100518D70 /* Project object */;
			proxyType = 1;
			remoteGlobalIDString = 640491671F5FC7F100518D70;
			remoteInfo = VideoPlayer;
		};
/* End PBXContainerItemProxy section */

/* Begin PBXFileReference section */
		0600533CDA4F55FF2945B787 /* Pods-VideoPlayerTests.debug.xcconfig */ = {isa = PBXFileReference; includeInIndex = 1; lastKnownFileType = text.xcconfig; name = "Pods-VideoPlayerTests.debug.xcconfig"; path = "Pods/Target Support Files/Pods-VideoPlayerTests/Pods-VideoPlayerTests.debug.xcconfig"; sourceTree = "<group>"; };
		411D62D29612DC65CD0E8C2B /* Pods-VideoPlayerUITests.release.xcconfig */ = {isa = PBXFileReference; includeInIndex = 1; lastKnownFileType = text.xcconfig; name = "Pods-VideoPlayerUITests.release.xcconfig"; path = "Pods/Target Support Files/Pods-VideoPlayerUITests/Pods-VideoPlayerUITests.release.xcconfig"; sourceTree = "<group>"; };
		52065602D971DBB2BD0D0CD3 /* Pods-VideoPlayerUITests.debug.xcconfig */ = {isa = PBXFileReference; includeInIndex = 1; lastKnownFileType = text.xcconfig; name = "Pods-VideoPlayerUITests.debug.xcconfig"; path = "Pods/Target Support Files/Pods-VideoPlayerUITests/Pods-VideoPlayerUITests.debug.xcconfig"; sourceTree = "<group>"; };
		640491681F5FC7F100518D70 /* VideoPlayer.app */ = {isa = PBXFileReference; explicitFileType = wrapper.application; includeInIndex = 0; path = VideoPlayer.app; sourceTree = BUILT_PRODUCTS_DIR; };
		6404916B1F5FC7F100518D70 /* AppDelegate.swift */ = {isa = PBXFileReference; lastKnownFileType = sourcecode.swift; path = AppDelegate.swift; sourceTree = "<group>"; };
		6404916D1F5FC7F100518D70 /* VideoPlayerViewController.swift */ = {isa = PBXFileReference; lastKnownFileType = sourcecode.swift; path = VideoPlayerViewController.swift; sourceTree = "<group>"; };
		640491701F5FC7F100518D70 /* Base */ = {isa = PBXFileReference; lastKnownFileType = file.storyboard; name = Base; path = Base.lproj/Main.storyboard; sourceTree = "<group>"; };
		640491721F5FC7F100518D70 /* Assets.xcassets */ = {isa = PBXFileReference; lastKnownFileType = folder.assetcatalog; path = Assets.xcassets; sourceTree = "<group>"; };
		640491751F5FC7F100518D70 /* Base */ = {isa = PBXFileReference; lastKnownFileType = file.storyboard; name = Base; path = Base.lproj/LaunchScreen.storyboard; sourceTree = "<group>"; };
		640491771F5FC7F100518D70 /* Info.plist */ = {isa = PBXFileReference; lastKnownFileType = text.plist.xml; path = Info.plist; sourceTree = "<group>"; };
		6404917C1F5FC7F200518D70 /* VideoPlayerTests.xctest */ = {isa = PBXFileReference; explicitFileType = wrapper.cfbundle; includeInIndex = 0; path = VideoPlayerTests.xctest; sourceTree = BUILT_PRODUCTS_DIR; };
		640491801F5FC7F200518D70 /* VideoPlayerTests.swift */ = {isa = PBXFileReference; lastKnownFileType = sourcecode.swift; path = VideoPlayerTests.swift; sourceTree = "<group>"; };
		640491821F5FC7F200518D70 /* Info.plist */ = {isa = PBXFileReference; lastKnownFileType = text.plist.xml; path = Info.plist; sourceTree = "<group>"; };
		640491871F5FC7F200518D70 /* VideoPlayerUITests.xctest */ = {isa = PBXFileReference; explicitFileType = wrapper.cfbundle; includeInIndex = 0; path = VideoPlayerUITests.xctest; sourceTree = BUILT_PRODUCTS_DIR; };
		6404918B1F5FC7F200518D70 /* VideoPlayerUITests.swift */ = {isa = PBXFileReference; lastKnownFileType = sourcecode.swift; path = VideoPlayerUITests.swift; sourceTree = "<group>"; };
		6404918D1F5FC7F200518D70 /* Info.plist */ = {isa = PBXFileReference; lastKnownFileType = text.plist.xml; path = Info.plist; sourceTree = "<group>"; };
		6405915C1F5FCF9000525686 /* VideoPlayerTableViewController.swift */ = {isa = PBXFileReference; fileEncoding = 4; lastKnownFileType = sourcecode.swift; path = VideoPlayerTableViewController.swift; sourceTree = "<group>"; };
		6405915E1F5FD46B00525686 /* VideoPlayerTableViewCell.swift */ = {isa = PBXFileReference; fileEncoding = 4; lastKnownFileType = sourcecode.swift; path = VideoPlayerTableViewCell.swift; sourceTree = "<group>"; };
		68298B8AA127BB5FEFF94568 /* Pods_VideoPlayerTests.framework */ = {isa = PBXFileReference; explicitFileType = wrapper.framework; includeInIndex = 0; path = Pods_VideoPlayerTests.framework; sourceTree = BUILT_PRODUCTS_DIR; };
		703FA7409EB38C94C65930DA /* Pods-VideoPlayer.debug.xcconfig */ = {isa = PBXFileReference; includeInIndex = 1; lastKnownFileType = text.xcconfig; name = "Pods-VideoPlayer.debug.xcconfig"; path = "Pods/Target Support Files/Pods-VideoPlayer/Pods-VideoPlayer.debug.xcconfig"; sourceTree = "<group>"; };
		82E227AAA1EEDEED898A1C81 /* Pods_VideoPlayerUITests.framework */ = {isa = PBXFileReference; explicitFileType = wrapper.framework; includeInIndex = 0; path = Pods_VideoPlayerUITests.framework; sourceTree = BUILT_PRODUCTS_DIR; };
		B937A04FC7710ECB590927ED /* Pods-VideoPlayer.release.xcconfig */ = {isa = PBXFileReference; includeInIndex = 1; lastKnownFileType = text.xcconfig; name = "Pods-VideoPlayer.release.xcconfig"; path = "Pods/Target Support Files/Pods-VideoPlayer/Pods-VideoPlayer.release.xcconfig"; sourceTree = "<group>"; };
		C1DE7CB19DEA5B1DCE9337C0 /* Pods_VideoPlayer.framework */ = {isa = PBXFileReference; explicitFileType = wrapper.framework; includeInIndex = 0; path = Pods_VideoPlayer.framework; sourceTree = BUILT_PRODUCTS_DIR; };
		D1285D02364807112AFACEA6 /* Pods-VideoPlayerTests.release.xcconfig */ = {isa = PBXFileReference; includeInIndex = 1; lastKnownFileType = text.xcconfig; name = "Pods-VideoPlayerTests.release.xcconfig"; path = "Pods/Target Support Files/Pods-VideoPlayerTests/Pods-VideoPlayerTests.release.xcconfig"; sourceTree = "<group>"; };
/* End PBXFileReference section */

/* Begin PBXFrameworksBuildPhase section */
		640491651F5FC7F100518D70 /* Frameworks */ = {
			isa = PBXFrameworksBuildPhase;
			buildActionMask = 2147483647;
			files = (
				8CB5B543E8D308DC0074AB7B /* Pods_VideoPlayer.framework in Frameworks */,
			);
			runOnlyForDeploymentPostprocessing = 0;
		};
		640491791F5FC7F200518D70 /* Frameworks */ = {
			isa = PBXFrameworksBuildPhase;
			buildActionMask = 2147483647;
			files = (
				E135FFAB4015DFABE26A156E /* Pods_VideoPlayerTests.framework in Frameworks */,
			);
			runOnlyForDeploymentPostprocessing = 0;
		};
		640491841F5FC7F200518D70 /* Frameworks */ = {
			isa = PBXFrameworksBuildPhase;
			buildActionMask = 2147483647;
			files = (
				06207122882CDE6F5B4CAC88 /* Pods_VideoPlayerUITests.framework in Frameworks */,
			);
			runOnlyForDeploymentPostprocessing = 0;
		};
/* End PBXFrameworksBuildPhase section */

/* Begin PBXGroup section */
		2B00C8C8103BC349A09A1981 /* Pods */ = {
			isa = PBXGroup;
			children = (
				703FA7409EB38C94C65930DA /* Pods-VideoPlayer.debug.xcconfig */,
				B937A04FC7710ECB590927ED /* Pods-VideoPlayer.release.xcconfig */,
				0600533CDA4F55FF2945B787 /* Pods-VideoPlayerTests.debug.xcconfig */,
				D1285D02364807112AFACEA6 /* Pods-VideoPlayerTests.release.xcconfig */,
				52065602D971DBB2BD0D0CD3 /* Pods-VideoPlayerUITests.debug.xcconfig */,
				411D62D29612DC65CD0E8C2B /* Pods-VideoPlayerUITests.release.xcconfig */,
			);
			name = Pods;
			sourceTree = "<group>";
		};
		6404915F1F5FC7F100518D70 = {
			isa = PBXGroup;
			children = (
				6404916A1F5FC7F100518D70 /* VideoPlayer */,
				6404917F1F5FC7F200518D70 /* VideoPlayerTests */,
				6404918A1F5FC7F200518D70 /* VideoPlayerUITests */,
				640491691F5FC7F100518D70 /* Products */,
				2B00C8C8103BC349A09A1981 /* Pods */,
				F3B94818403A55C32553247D /* Frameworks */,
			);
			sourceTree = "<group>";
		};
		640491691F5FC7F100518D70 /* Products */ = {
			isa = PBXGroup;
			children = (
				640491681F5FC7F100518D70 /* VideoPlayer.app */,
				6404917C1F5FC7F200518D70 /* VideoPlayerTests.xctest */,
				640491871F5FC7F200518D70 /* VideoPlayerUITests.xctest */,
			);
			name = Products;
			sourceTree = "<group>";
		};
		6404916A1F5FC7F100518D70 /* VideoPlayer */ = {
			isa = PBXGroup;
			children = (
				6404916B1F5FC7F100518D70 /* AppDelegate.swift */,
				6404916D1F5FC7F100518D70 /* VideoPlayerViewController.swift */,
				6404916F1F5FC7F100518D70 /* Main.storyboard */,
				640491721F5FC7F100518D70 /* Assets.xcassets */,
				640491741F5FC7F100518D70 /* LaunchScreen.storyboard */,
				640491771F5FC7F100518D70 /* Info.plist */,
				6405915C1F5FCF9000525686 /* VideoPlayerTableViewController.swift */,
				6405915E1F5FD46B00525686 /* VideoPlayerTableViewCell.swift */,
			);
			path = VideoPlayer;
			sourceTree = "<group>";
		};
		6404917F1F5FC7F200518D70 /* VideoPlayerTests */ = {
			isa = PBXGroup;
			children = (
				640491801F5FC7F200518D70 /* VideoPlayerTests.swift */,
				640491821F5FC7F200518D70 /* Info.plist */,
			);
			path = VideoPlayerTests;
			sourceTree = "<group>";
		};
		6404918A1F5FC7F200518D70 /* VideoPlayerUITests */ = {
			isa = PBXGroup;
			children = (
				6404918B1F5FC7F200518D70 /* VideoPlayerUITests.swift */,
				6404918D1F5FC7F200518D70 /* Info.plist */,
			);
			path = VideoPlayerUITests;
			sourceTree = "<group>";
		};
		F3B94818403A55C32553247D /* Frameworks */ = {
			isa = PBXGroup;
			children = (
				C1DE7CB19DEA5B1DCE9337C0 /* Pods_VideoPlayer.framework */,
				68298B8AA127BB5FEFF94568 /* Pods_VideoPlayerTests.framework */,
				82E227AAA1EEDEED898A1C81 /* Pods_VideoPlayerUITests.framework */,
			);
			name = Frameworks;
			sourceTree = "<group>";
		};
/* End PBXGroup section */

/* Begin PBXNativeTarget section */
		640491671F5FC7F100518D70 /* VideoPlayer */ = {
			isa = PBXNativeTarget;
			buildConfigurationList = 640491901F5FC7F200518D70 /* Build configuration list for PBXNativeTarget "VideoPlayer" */;
			buildPhases = (
				DB53835FE64B489DCBA4FA17 /* [CP] Check Pods Manifest.lock */,
				640491641F5FC7F100518D70 /* Sources */,
				640491651F5FC7F100518D70 /* Frameworks */,
				640491661F5FC7F100518D70 /* Resources */,
				093CB1320E31957F9BD99027 /* [CP] Embed Pods Frameworks */,
				810ECFB2F2AF0C8ECCBF6A28 /* [CP] Copy Pods Resources */,
			);
			buildRules = (
			);
			dependencies = (
			);
			name = VideoPlayer;
			productName = VideoPlayer;
			productReference = 640491681F5FC7F100518D70 /* VideoPlayer.app */;
			productType = "com.apple.product-type.application";
		};
		6404917B1F5FC7F200518D70 /* VideoPlayerTests */ = {
			isa = PBXNativeTarget;
			buildConfigurationList = 640491931F5FC7F200518D70 /* Build configuration list for PBXNativeTarget "VideoPlayerTests" */;
			buildPhases = (
				644113F4B517CDBF0B4FBF8F /* [CP] Check Pods Manifest.lock */,
				640491781F5FC7F200518D70 /* Sources */,
				640491791F5FC7F200518D70 /* Frameworks */,
				6404917A1F5FC7F200518D70 /* Resources */,
				5C9C3372DFCD4B982476E501 /* [CP] Embed Pods Frameworks */,
				DC0A71E6D8CCC76AE1273B84 /* [CP] Copy Pods Resources */,
			);
			buildRules = (
			);
			dependencies = (
				6404917E1F5FC7F200518D70 /* PBXTargetDependency */,
			);
			name = VideoPlayerTests;
			productName = VideoPlayerTests;
			productReference = 6404917C1F5FC7F200518D70 /* VideoPlayerTests.xctest */;
			productType = "com.apple.product-type.bundle.unit-test";
		};
		640491861F5FC7F200518D70 /* VideoPlayerUITests */ = {
			isa = PBXNativeTarget;
			buildConfigurationList = 640491961F5FC7F200518D70 /* Build configuration list for PBXNativeTarget "VideoPlayerUITests" */;
			buildPhases = (
				03787FE24E4FBCD9BDD662EF /* [CP] Check Pods Manifest.lock */,
				640491831F5FC7F200518D70 /* Sources */,
				640491841F5FC7F200518D70 /* Frameworks */,
				640491851F5FC7F200518D70 /* Resources */,
				FAD44E6D80DD030F9E1ABFAB /* [CP] Embed Pods Frameworks */,
				A21748D8DCFB134AF8CFB1CF /* [CP] Copy Pods Resources */,
			);
			buildRules = (
			);
			dependencies = (
				640491891F5FC7F200518D70 /* PBXTargetDependency */,
			);
			name = VideoPlayerUITests;
			productName = VideoPlayerUITests;
			productReference = 640491871F5FC7F200518D70 /* VideoPlayerUITests.xctest */;
			productType = "com.apple.product-type.bundle.ui-testing";
		};
/* End PBXNativeTarget section */

/* Begin PBXProject section */
		640491601F5FC7F100518D70 /* Project object */ = {
			isa = PBXProject;
			attributes = {
				LastSwiftUpdateCheck = 0830;
				LastUpgradeCheck = 0830;
				ORGANIZATIONNAME = CdxN.io;
				TargetAttributes = {
					640491671F5FC7F100518D70 = {
						CreatedOnToolsVersion = 8.3.3;
						DevelopmentTeam = 4F2GX7DGQ7;
						ProvisioningStyle = Automatic;
					};
					6404917B1F5FC7F200518D70 = {
						CreatedOnToolsVersion = 8.3.3;
						ProvisioningStyle = Automatic;
						TestTargetID = 640491671F5FC7F100518D70;
					};
					640491861F5FC7F200518D70 = {
						CreatedOnToolsVersion = 8.3.3;
						ProvisioningStyle = Automatic;
						TestTargetID = 640491671F5FC7F100518D70;
					};
				};
			};
			buildConfigurationList = 640491631F5FC7F100518D70 /* Build configuration list for PBXProject "VideoPlayer" */;
			compatibilityVersion = "Xcode 3.2";
			developmentRegion = English;
			hasScannedForEncodings = 0;
			knownRegions = (
				en,
				Base,
			);
			mainGroup = 6404915F1F5FC7F100518D70;
			productRefGroup = 640491691F5FC7F100518D70 /* Products */;
			projectDirPath = "";
			projectRoot = "";
			targets = (
				640491671F5FC7F100518D70 /* VideoPlayer */,
				6404917B1F5FC7F200518D70 /* VideoPlayerTests */,
				640491861F5FC7F200518D70 /* VideoPlayerUITests */,
			);
		};
/* End PBXProject section */

/* Begin PBXResourcesBuildPhase section */
		640491661F5FC7F100518D70 /* Resources */ = {
			isa = PBXResourcesBuildPhase;
			buildActionMask = 2147483647;
			files = (
				640491761F5FC7F100518D70 /* LaunchScreen.storyboard in Resources */,
				640491731F5FC7F100518D70 /* Assets.xcassets in Resources */,
				640491711F5FC7F100518D70 /* Main.storyboard in Resources */,
			);
			runOnlyForDeploymentPostprocessing = 0;
		};
		6404917A1F5FC7F200518D70 /* Resources */ = {
			isa = PBXResourcesBuildPhase;
			buildActionMask = 2147483647;
			files = (
			);
			runOnlyForDeploymentPostprocessing = 0;
		};
		640491851F5FC7F200518D70 /* Resources */ = {
			isa = PBXResourcesBuildPhase;
			buildActionMask = 2147483647;
			files = (
			);
			runOnlyForDeploymentPostprocessing = 0;
		};
/* End PBXResourcesBuildPhase section */

/* Begin PBXShellScriptBuildPhase section */
		03787FE24E4FBCD9BDD662EF /* [CP] Check Pods Manifest.lock */ = {
			isa = PBXShellScriptBuildPhase;
			buildActionMask = 2147483647;
			files = (
			);
			inputPaths = (
			);
			name = "[CP] Check Pods Manifest.lock";
			outputPaths = (
			);
			runOnlyForDeploymentPostprocessing = 0;
			shellPath = /bin/sh;
			shellScript = "diff \"${PODS_PODFILE_DIR_PATH}/Podfile.lock\" \"${PODS_ROOT}/Manifest.lock\" > /dev/null\nif [ $? != 0 ] ; then\n    # print error to STDERR\n    echo \"error: The sandbox is not in sync with the Podfile.lock. Run 'pod install' or update your CocoaPods installation.\" >&2\n    exit 1\nfi\n";
			showEnvVarsInLog = 0;
		};
		093CB1320E31957F9BD99027 /* [CP] Embed Pods Frameworks */ = {
			isa = PBXShellScriptBuildPhase;
			buildActionMask = 2147483647;
			files = (
			);
			inputPaths = (
			);
			name = "[CP] Embed Pods Frameworks";
			outputPaths = (
			);
			runOnlyForDeploymentPostprocessing = 0;
			shellPath = /bin/sh;
			shellScript = "\"${SRCROOT}/Pods/Target Support Files/Pods-VideoPlayer/Pods-VideoPlayer-frameworks.sh\"\n";
			showEnvVarsInLog = 0;
		};
		5C9C3372DFCD4B982476E501 /* [CP] Embed Pods Frameworks */ = {
			isa = PBXShellScriptBuildPhase;
			buildActionMask = 2147483647;
			files = (
			);
			inputPaths = (
			);
			name = "[CP] Embed Pods Frameworks";
			outputPaths = (
			);
			runOnlyForDeploymentPostprocessing = 0;
			shellPath = /bin/sh;
			shellScript = "\"${SRCROOT}/Pods/Target Support Files/Pods-VideoPlayerTests/Pods-VideoPlayerTests-frameworks.sh\"\n";
			showEnvVarsInLog = 0;
		};
		644113F4B517CDBF0B4FBF8F /* [CP] Check Pods Manifest.lock */ = {
			isa = PBXShellScriptBuildPhase;
			buildActionMask = 2147483647;
			files = (
			);
			inputPaths = (
			);
			name = "[CP] Check Pods Manifest.lock";
			outputPaths = (
			);
			runOnlyForDeploymentPostprocessing = 0;
			shellPath = /bin/sh;
			shellScript = "diff \"${PODS_PODFILE_DIR_PATH}/Podfile.lock\" \"${PODS_ROOT}/Manifest.lock\" > /dev/null\nif [ $? != 0 ] ; then\n    # print error to STDERR\n    echo \"error: The sandbox is not in sync with the Podfile.lock. Run 'pod install' or update your CocoaPods installation.\" >&2\n    exit 1\nfi\n";
			showEnvVarsInLog = 0;
		};
		810ECFB2F2AF0C8ECCBF6A28 /* [CP] Copy Pods Resources */ = {
			isa = PBXShellScriptBuildPhase;
			buildActionMask = 2147483647;
			files = (
			);
			inputPaths = (
			);
			name = "[CP] Copy Pods Resources";
			outputPaths = (
			);
			runOnlyForDeploymentPostprocessing = 0;
			shellPath = /bin/sh;
			shellScript = "if which swiftlint >/dev/null; then\nswiftlint\nelse\necho \"warning: SwiftLint not installed, download from https://github.com/realm/SwiftLint\"\nfi";
			showEnvVarsInLog = 0;
		};
		A21748D8DCFB134AF8CFB1CF /* [CP] Copy Pods Resources */ = {
			isa = PBXShellScriptBuildPhase;
			buildActionMask = 2147483647;
			files = (
			);
			inputPaths = (
			);
			name = "[CP] Copy Pods Resources";
			outputPaths = (
			);
			runOnlyForDeploymentPostprocessing = 0;
			shellPath = /bin/sh;
			shellScript = "\"${SRCROOT}/Pods/Target Support Files/Pods-VideoPlayerUITests/Pods-VideoPlayerUITests-resources.sh\"\n";
			showEnvVarsInLog = 0;
		};
		DB53835FE64B489DCBA4FA17 /* [CP] Check Pods Manifest.lock */ = {
			isa = PBXShellScriptBuildPhase;
			buildActionMask = 2147483647;
			files = (
			);
			inputPaths = (
			);
			name = "[CP] Check Pods Manifest.lock";
			outputPaths = (
			);
			runOnlyForDeploymentPostprocessing = 0;
			shellPath = /bin/sh;
			shellScript = "diff \"${PODS_PODFILE_DIR_PATH}/Podfile.lock\" \"${PODS_ROOT}/Manifest.lock\" > /dev/null\nif [ $? != 0 ] ; then\n    # print error to STDERR\n    echo \"error: The sandbox is not in sync with the Podfile.lock. Run 'pod install' or update your CocoaPods installation.\" >&2\n    exit 1\nfi\n";
			showEnvVarsInLog = 0;
		};
		DC0A71E6D8CCC76AE1273B84 /* [CP] Copy Pods Resources */ = {
			isa = PBXShellScriptBuildPhase;
			buildActionMask = 2147483647;
			files = (
			);
			inputPaths = (
			);
			name = "[CP] Copy Pods Resources";
			outputPaths = (
			);
			runOnlyForDeploymentPostprocessing = 0;
			shellPath = /bin/sh;
			shellScript = "\"${SRCROOT}/Pods/Target Support Files/Pods-VideoPlayerTests/Pods-VideoPlayerTests-resources.sh\"\n";
			showEnvVarsInLog = 0;
		};
		FAD44E6D80DD030F9E1ABFAB /* [CP] Embed Pods Frameworks */ = {
			isa = PBXShellScriptBuildPhase;
			buildActionMask = 2147483647;
			files = (
			);
			inputPaths = (
			);
			name = "[CP] Embed Pods Frameworks";
			outputPaths = (
			);
			runOnlyForDeploymentPostprocessing = 0;
			shellPath = /bin/sh;
			shellScript = "\"${SRCROOT}/Pods/Target Support Files/Pods-VideoPlayerUITests/Pods-VideoPlayerUITests-frameworks.sh\"\n";
			showEnvVarsInLog = 0;
		};
/* End PBXShellScriptBuildPhase section */

/* Begin PBXSourcesBuildPhase section */
		640491641F5FC7F100518D70 /* Sources */ = {
			isa = PBXSourcesBuildPhase;
			buildActionMask = 2147483647;
			files = (
				6405915F1F5FD46B00525686 /* VideoPlayerTableViewCell.swift in Sources */,
				6404916E1F5FC7F100518D70 /* VideoPlayerViewController.swift in Sources */,
				6405915D1F5FCF9000525686 /* VideoPlayerTableViewController.swift in Sources */,
				6404916C1F5FC7F100518D70 /* AppDelegate.swift in Sources */,
			);
			runOnlyForDeploymentPostprocessing = 0;
		};
		640491781F5FC7F200518D70 /* Sources */ = {
			isa = PBXSourcesBuildPhase;
			buildActionMask = 2147483647;
			files = (
				640491811F5FC7F200518D70 /* VideoPlayerTests.swift in Sources */,
			);
			runOnlyForDeploymentPostprocessing = 0;
		};
		640491831F5FC7F200518D70 /* Sources */ = {
			isa = PBXSourcesBuildPhase;
			buildActionMask = 2147483647;
			files = (
				6404918C1F5FC7F200518D70 /* VideoPlayerUITests.swift in Sources */,
			);
			runOnlyForDeploymentPostprocessing = 0;
		};
/* End PBXSourcesBuildPhase section */

/* Begin PBXTargetDependency section */
		6404917E1F5FC7F200518D70 /* PBXTargetDependency */ = {
			isa = PBXTargetDependency;
			target = 640491671F5FC7F100518D70 /* VideoPlayer */;
			targetProxy = 6404917D1F5FC7F200518D70 /* PBXContainerItemProxy */;
		};
		640491891F5FC7F200518D70 /* PBXTargetDependency */ = {
			isa = PBXTargetDependency;
			target = 640491671F5FC7F100518D70 /* VideoPlayer */;
			targetProxy = 640491881F5FC7F200518D70 /* PBXContainerItemProxy */;
		};
/* End PBXTargetDependency section */

/* Begin PBXVariantGroup section */
		6404916F1F5FC7F100518D70 /* Main.storyboard */ = {
			isa = PBXVariantGroup;
			children = (
				640491701F5FC7F100518D70 /* Base */,
			);
			name = Main.storyboard;
			sourceTree = "<group>";
		};
		640491741F5FC7F100518D70 /* LaunchScreen.storyboard */ = {
			isa = PBXVariantGroup;
			children = (
				640491751F5FC7F100518D70 /* Base */,
			);
			name = LaunchScreen.storyboard;
			sourceTree = "<group>";
		};
/* End PBXVariantGroup section */

/* Begin XCBuildConfiguration section */
		6404918E1F5FC7F200518D70 /* Debug */ = {
			isa = XCBuildConfiguration;
			buildSettings = {
				ALWAYS_SEARCH_USER_PATHS = NO;
				CLANG_ANALYZER_NONNULL = YES;
				CLANG_ANALYZER_NUMBER_OBJECT_CONVERSION = YES_AGGRESSIVE;
				CLANG_CXX_LANGUAGE_STANDARD = "gnu++0x";
				CLANG_CXX_LIBRARY = "libc++";
				CLANG_ENABLE_MODULES = YES;
				CLANG_ENABLE_OBJC_ARC = YES;
				CLANG_WARN_BOOL_CONVERSION = YES;
				CLANG_WARN_CONSTANT_CONVERSION = YES;
				CLANG_WARN_DIRECT_OBJC_ISA_USAGE = YES_ERROR;
				CLANG_WARN_DOCUMENTATION_COMMENTS = YES;
				CLANG_WARN_EMPTY_BODY = YES;
				CLANG_WARN_ENUM_CONVERSION = YES;
				CLANG_WARN_INFINITE_RECURSION = YES;
				CLANG_WARN_INT_CONVERSION = YES;
				CLANG_WARN_OBJC_ROOT_CLASS = YES_ERROR;
				CLANG_WARN_SUSPICIOUS_MOVE = YES;
				CLANG_WARN_UNREACHABLE_CODE = YES;
				CLANG_WARN__DUPLICATE_METHOD_MATCH = YES;
				"CODE_SIGN_IDENTITY[sdk=iphoneos*]" = "iPhone Developer";
				COPY_PHASE_STRIP = NO;
				DEBUG_INFORMATION_FORMAT = dwarf;
				ENABLE_STRICT_OBJC_MSGSEND = YES;
				ENABLE_TESTABILITY = YES;
				GCC_C_LANGUAGE_STANDARD = gnu99;
				GCC_DYNAMIC_NO_PIC = NO;
				GCC_NO_COMMON_BLOCKS = YES;
				GCC_OPTIMIZATION_LEVEL = 0;
				GCC_PREPROCESSOR_DEFINITIONS = (
					"DEBUG=1",
					"$(inherited)",
				);
				GCC_WARN_64_TO_32_BIT_CONVERSION = YES;
				GCC_WARN_ABOUT_RETURN_TYPE = YES_ERROR;
				GCC_WARN_UNDECLARED_SELECTOR = YES;
				GCC_WARN_UNINITIALIZED_AUTOS = YES_AGGRESSIVE;
				GCC_WARN_UNUSED_FUNCTION = YES;
				GCC_WARN_UNUSED_VARIABLE = YES;
				IPHONEOS_DEPLOYMENT_TARGET = 10.3;
				MTL_ENABLE_DEBUG_INFO = YES;
				ONLY_ACTIVE_ARCH = YES;
				SDKROOT = iphoneos;
				SWIFT_ACTIVE_COMPILATION_CONDITIONS = DEBUG;
				SWIFT_OPTIMIZATION_LEVEL = "-Onone";
			};
			name = Debug;
		};
		6404918F1F5FC7F200518D70 /* Release */ = {
			isa = XCBuildConfiguration;
			buildSettings = {
				ALWAYS_SEARCH_USER_PATHS = NO;
				CLANG_ANALYZER_NONNULL = YES;
				CLANG_ANALYZER_NUMBER_OBJECT_CONVERSION = YES_AGGRESSIVE;
				CLANG_CXX_LANGUAGE_STANDARD = "gnu++0x";
				CLANG_CXX_LIBRARY = "libc++";
				CLANG_ENABLE_MODULES = YES;
				CLANG_ENABLE_OBJC_ARC = YES;
				CLANG_WARN_BOOL_CONVERSION = YES;
				CLANG_WARN_CONSTANT_CONVERSION = YES;
				CLANG_WARN_DIRECT_OBJC_ISA_USAGE = YES_ERROR;
				CLANG_WARN_DOCUMENTATION_COMMENTS = YES;
				CLANG_WARN_EMPTY_BODY = YES;
				CLANG_WARN_ENUM_CONVERSION = YES;
				CLANG_WARN_INFINITE_RECURSION = YES;
				CLANG_WARN_INT_CONVERSION = YES;
				CLANG_WARN_OBJC_ROOT_CLASS = YES_ERROR;
				CLANG_WARN_SUSPICIOUS_MOVE = YES;
				CLANG_WARN_UNREACHABLE_CODE = YES;
				CLANG_WARN__DUPLICATE_METHOD_MATCH = YES;
				"CODE_SIGN_IDENTITY[sdk=iphoneos*]" = "iPhone Developer";
				COPY_PHASE_STRIP = NO;
				DEBUG_INFORMATION_FORMAT = "dwarf-with-dsym";
				ENABLE_NS_ASSERTIONS = NO;
				ENABLE_STRICT_OBJC_MSGSEND = YES;
				GCC_C_LANGUAGE_STANDARD = gnu99;
				GCC_NO_COMMON_BLOCKS = YES;
				GCC_WARN_64_TO_32_BIT_CONVERSION = YES;
				GCC_WARN_ABOUT_RETURN_TYPE = YES_ERROR;
				GCC_WARN_UNDECLARED_SELECTOR = YES;
				GCC_WARN_UNINITIALIZED_AUTOS = YES_AGGRESSIVE;
				GCC_WARN_UNUSED_FUNCTION = YES;
				GCC_WARN_UNUSED_VARIABLE = YES;
				IPHONEOS_DEPLOYMENT_TARGET = 10.3;
				MTL_ENABLE_DEBUG_INFO = NO;
				SDKROOT = iphoneos;
				SWIFT_OPTIMIZATION_LEVEL = "-Owholemodule";
				VALIDATE_PRODUCT = YES;
			};
			name = Release;
		};
		640491911F5FC7F200518D70 /* Debug */ = {
			isa = XCBuildConfiguration;
			baseConfigurationReference = 703FA7409EB38C94C65930DA /* Pods-VideoPlayer.debug.xcconfig */;
			buildSettings = {
				ASSETCATALOG_COMPILER_APPICON_NAME = AppIcon;
				DEVELOPMENT_TEAM = 4F2GX7DGQ7;
				INFOPLIST_FILE = VideoPlayer/Info.plist;
				LD_RUNPATH_SEARCH_PATHS = "$(inherited) @executable_path/Frameworks";
				PRODUCT_BUNDLE_IDENTIFIER = CdxN.io.VideoPlayer;
				PRODUCT_NAME = "$(TARGET_NAME)";
				SWIFT_VERSION = 3.0;
			};
			name = Debug;
		};
		640491921F5FC7F200518D70 /* Release */ = {
			isa = XCBuildConfiguration;
			baseConfigurationReference = B937A04FC7710ECB590927ED /* Pods-VideoPlayer.release.xcconfig */;
			buildSettings = {
				ASSETCATALOG_COMPILER_APPICON_NAME = AppIcon;
				DEVELOPMENT_TEAM = 4F2GX7DGQ7;
				INFOPLIST_FILE = VideoPlayer/Info.plist;
				LD_RUNPATH_SEARCH_PATHS = "$(inherited) @executable_path/Frameworks";
				PRODUCT_BUNDLE_IDENTIFIER = CdxN.io.VideoPlayer;
				PRODUCT_NAME = "$(TARGET_NAME)";
				SWIFT_VERSION = 3.0;
			};
			name = Release;
		};
		640491941F5FC7F200518D70 /* Debug */ = {
			isa = XCBuildConfiguration;
			baseConfigurationReference = 0600533CDA4F55FF2945B787 /* Pods-VideoPlayerTests.debug.xcconfig */;
			buildSettings = {
				ALWAYS_EMBED_SWIFT_STANDARD_LIBRARIES = YES;
				BUNDLE_LOADER = "$(TEST_HOST)";
				INFOPLIST_FILE = VideoPlayerTests/Info.plist;
				LD_RUNPATH_SEARCH_PATHS = "$(inherited) @executable_path/Frameworks @loader_path/Frameworks";
				PRODUCT_BUNDLE_IDENTIFIER = CdxN.io.VideoPlayerTests;
				PRODUCT_NAME = "$(TARGET_NAME)";
				SWIFT_VERSION = 3.0;
				TEST_HOST = "$(BUILT_PRODUCTS_DIR)/VideoPlayer.app/VideoPlayer";
			};
			name = Debug;
		};
		640491951F5FC7F200518D70 /* Release */ = {
			isa = XCBuildConfiguration;
			baseConfigurationReference = D1285D02364807112AFACEA6 /* Pods-VideoPlayerTests.release.xcconfig */;
			buildSettings = {
				ALWAYS_EMBED_SWIFT_STANDARD_LIBRARIES = YES;
				BUNDLE_LOADER = "$(TEST_HOST)";
				INFOPLIST_FILE = VideoPlayerTests/Info.plist;
				LD_RUNPATH_SEARCH_PATHS = "$(inherited) @executable_path/Frameworks @loader_path/Frameworks";
				PRODUCT_BUNDLE_IDENTIFIER = CdxN.io.VideoPlayerTests;
				PRODUCT_NAME = "$(TARGET_NAME)";
				SWIFT_VERSION = 3.0;
				TEST_HOST = "$(BUILT_PRODUCTS_DIR)/VideoPlayer.app/VideoPlayer";
			};
			name = Release;
		};
		640491971F5FC7F200518D70 /* Debug */ = {
			isa = XCBuildConfiguration;
			baseConfigurationReference = 52065602D971DBB2BD0D0CD3 /* Pods-VideoPlayerUITests.debug.xcconfig */;
			buildSettings = {
				ALWAYS_EMBED_SWIFT_STANDARD_LIBRARIES = YES;
				INFOPLIST_FILE = VideoPlayerUITests/Info.plist;
				LD_RUNPATH_SEARCH_PATHS = "$(inherited) @executable_path/Frameworks @loader_path/Frameworks";
				PRODUCT_BUNDLE_IDENTIFIER = CdxN.io.VideoPlayerUITests;
				PRODUCT_NAME = "$(TARGET_NAME)";
				SWIFT_VERSION = 3.0;
				TEST_TARGET_NAME = VideoPlayer;
			};
			name = Debug;
		};
		640491981F5FC7F200518D70 /* Release */ = {
			isa = XCBuildConfiguration;
			baseConfigurationReference = 411D62D29612DC65CD0E8C2B /* Pods-VideoPlayerUITests.release.xcconfig */;
			buildSettings = {
				ALWAYS_EMBED_SWIFT_STANDARD_LIBRARIES = YES;
				INFOPLIST_FILE = VideoPlayerUITests/Info.plist;
				LD_RUNPATH_SEARCH_PATHS = "$(inherited) @executable_path/Frameworks @loader_path/Frameworks";
				PRODUCT_BUNDLE_IDENTIFIER = CdxN.io.VideoPlayerUITests;
				PRODUCT_NAME = "$(TARGET_NAME)";
				SWIFT_VERSION = 3.0;
				TEST_TARGET_NAME = VideoPlayer;
			};
			name = Release;
		};
/* End XCBuildConfiguration section */

/* Begin XCConfigurationList section */
		640491631F5FC7F100518D70 /* Build configuration list for PBXProject "VideoPlayer" */ = {
			isa = XCConfigurationList;
			buildConfigurations = (
				6404918E1F5FC7F200518D70 /* Debug */,
				6404918F1F5FC7F200518D70 /* Release */,
			);
			defaultConfigurationIsVisible = 0;
			defaultConfigurationName = Release;
		};
		640491901F5FC7F200518D70 /* Build configuration list for PBXNativeTarget "VideoPlayer" */ = {
			isa = XCConfigurationList;
			buildConfigurations = (
				640491911F5FC7F200518D70 /* Debug */,
				640491921F5FC7F200518D70 /* Release */,
			);
			defaultConfigurationIsVisible = 0;
			defaultConfigurationName = Release;
		};
		640491931F5FC7F200518D70 /* Build configuration list for PBXNativeTarget "VideoPlayerTests" */ = {
			isa = XCConfigurationList;
			buildConfigurations = (
				640491941F5FC7F200518D70 /* Debug */,
				640491951F5FC7F200518D70 /* Release */,
			);
			defaultConfigurationIsVisible = 0;
			defaultConfigurationName = Release;
		};
		640491961F5FC7F200518D70 /* Build configuration list for PBXNativeTarget "VideoPlayerUITests" */ = {
			isa = XCConfigurationList;
			buildConfigurations = (
				640491971F5FC7F200518D70 /* Debug */,
				640491981F5FC7F200518D70 /* Release */,
			);
			defaultConfigurationIsVisible = 0;
			defaultConfigurationName = Release;
		};
/* End XCConfigurationList section */
	};
	rootObject = 640491601F5FC7F100518D70 /* Project object */;
}
